
Microsoft Visual Studio Solution File, Format Version 12.00
# Visual Studio 15
VisualStudioVersion = 15.0.28010.2016
MinimumVisualStudioVersion = 10.0.40219.1
Project("{FAE04EC0-301F-11D3-BF4B-00C04F79EFBC}") = "ConsoleApp5_Final", "ConsoleApp5_Final\ConsoleApp5_Final.csproj", "{5DB97009-3DAC-4203-8FA9-9EB5E3B7E816}"
EndProject
Global
	GlobalSection(SolutionConfigurationPlatforms) = preSolution
		Debug|Any CPU = Debug|Any CPU
		Release|Any CPU = Release|Any CPU
	EndGlobalSection
	GlobalSection(ProjectConfigurationPlatforms) = postSolution
		{5DB97009-3DAC-4203-8FA9-9EB5E3B7E816}.Debug|Any CPU.ActiveCfg = Debug|Any CPU
		{5DB97009-3DAC-4203-8FA9-9EB5E3B7E816}.Debug|Any CPU.Build.0 = Debug|Any CPU
		{5DB97009-3DAC-4203-8FA9-9EB5E3B7E816}.Release|Any CPU.ActiveCfg = Release|Any CPU
		{5DB97009-3DAC-4203-8FA9-9EB5E3B7E816}.Release|Any CPU.Build.0 = Release|Any CPU
	EndGlobalSection
	GlobalSection(SolutionProperties) = preSolution
		HideSolutionNode = FALSE
	EndGlobalSection
	GlobalSection(ExtensibilityGlobals) = postSolution
		SolutionGuid = {21703014-DD57-4BED-8A18-2B612F12FEB6}
	EndGlobalSection
EndGlobal
